
Microsoft Visual Studio Solution File, Format Version 12.00
# Visual Studio Version 17
VisualStudioVersion = 17.9.34902.65
MinimumVisualStudioVersion = 10.0.40219.1
Project("{FAE04EC0-301F-11D3-BF4B-00C04F79EFBC}") = "ReCall", "src\ReCall\ReCall.csproj", "{7E0D133E-AAA0-4869-A27D-589D293BE20D}"
EndProject
Project("{FAE04EC0-301F-11D3-BF4B-00C04F79EFBC}") = "HyCADTool", "src\HyCADTool\HyCADTool.csproj", "{8A9F5C3E-2B4D-4F6E-9C8A-1D7E3F5B6C9A}"
EndProject
Project("{FAE04EC0-301F-11D3-BF4B-00C04F79EFBC}") = "HyCAD.Geometry", "src\HyCAD.Geometry\HyCAD.Geometry.csproj", "{F8E2B9C4-1D5A-4E7B-9F3C-6A8D2E5B1C40}"
EndProject
Project("{FAE04EC0-301F-11D3-BF4B-00C04F79EFBC}") = "HyCADTool.MarkdownEditor", "src\HyCADTool.MarkdownEditor\HyCADTool.MarkdownEditor.csproj", "{B2C7D4E5-F6A8-4B9C-8D1E-2F3A4B5C6D7E}"
EndProject
Project("{FAE04EC0-301F-11D3-BF4B-00C04F79EFBC}") = "HyCADTool.UniverEditor", "src\HyCADTool.UniverEditor\HyCADTool.UniverEditor.csproj", "{E4D8F2A1-6B3C-4D9E-8F7A-2C1B5E9D0A4F}"
EndProject
Project("{FAE04EC0-301F-11D3-BF4B-00C04F79EFBC}") = "HyCADTool.MarkdownEditor.TestHost", "src\HyCADTool.MarkdownEditor.TestHost\HyCADTool.MarkdownEditor.TestHost.csproj", "{A1B2C3D4-E5F6-7890-ABCD-EF1234567890}"
EndProject
Project("{FAE04EC0-301F-11D3-BF4B-00C04F79EFBC}") = "HyCADTool.TextLayout", "src\HyCADTool.TextLayout\HyCADTool.TextLayout.csproj", "{3FCA9908-BA84-44AA-B3CE-79E64DE0A46C}"
EndProject
Project("{FAE04EC0-301F-11D3-BF4B-00C04F79EFBC}") = "HyCADTool.Tests", "src\HyCADTool.Tests\HyCADTool.Tests.csproj", "{1AF60BBB-4E81-4847-9584-B39F7D41FD5E}"
EndProject
Project("{FAE04EC0-301F-11D3-BF4B-00C04F79EFBC}") = "HyCAD.BlenderUI", "src\HyCAD.BlenderUI\HyCAD.BlenderUI.csproj", "{D4B7E1A2-5C3F-4A8E-9B62-7F1E2C3D4E5F}"
EndProject
Project("{FAE04EC0-301F-11D3-BF4B-00C04F79EFBC}") = "HyCAD.BlenderUI.TestHost", "src\HyCAD.BlenderUI.TestHost\HyCAD.BlenderUI.TestHost.csproj", "{C99DD15C-BCAF-496C-9B9E-B8D1FA1F33C2}"
EndProject
Project("{FAE04EC0-301F-11D3-BF4B-00C04F79EFBC}") = "HyCAD.BlenderUI.PaletteSetDemo", "src\HyCAD.BlenderUI.PaletteSetDemo\HyCAD.BlenderUI.PaletteSetDemo.csproj", "{31EC8500-8A49-4928-A94D-D38DFD6B8F22}"
EndProject
Project("{FAE04EC0-301F-11D3-BF4B-00C04F79EFBC}") = "HyCADTool.Licensing", "src\HyCADTool.Licensing\HyCADTool.Licensing.csproj", "{D7EDE4F4-DB7B-42ED-B905-0E7B70A5B43F}"
EndProject
Project("{FAE04EC0-301F-11D3-BF4B-00C04F79EFBC}") = "HyCADTool.LicenseSigner", "src\HyCADTool.LicenseSigner\HyCADTool.LicenseSigner.csproj", "{12139725-3AA2-46F8-8A63-C163382547FB}"
EndProject
Project("{2150E333-8FDC-42A3-9474-1A3956D46DE8}") = "src", "src", "{827E0CD3-B72D-47B6-A68D-7590B98EB39B}"
EndProject
Project("{2150E333-8FDC-42A3-9474-1A3956D46DE8}") = "HYFEA", "HYFEA", "{A61D70BF-95BC-4E1C-A259-88FEBFF5D557}"
EndProject
Project("{FAE04EC0-301F-11D3-BF4B-00C04F79EFBC}") = "HYFEA.Core", "src\HYFEA\HYFEA.Core\HYFEA.Core.csproj", "{045BE910-C74A-4B15-A273-3038B5B124F7}"
EndProject
Project("{FAE04EC0-301F-11D3-BF4B-00C04F79EFBC}") = "HYFEA.Tests", "src\HYFEA\HYFEA.Tests\HYFEA.Tests.csproj", "{6B5A9E2A-56DF-4F4D-ABF1-04748A65A4AB}"
EndProject
Project("{FAE04EC0-301F-11D3-BF4B-00C04F79EFBC}") = "HYFEA.Examples", "src\HYFEA\HYFEA.Examples\HYFEA.Examples.csproj", "{7AC70926-E620-4815-AD3E-DD3CBF9B1CD0}"
EndProject
Project("{FAE04EC0-301F-11D3-BF4B-00C04F79EFBC}") = "HyCAD.Tables", "src\HyCAD.Tables\HyCAD.Tables.csproj", "{3ED2E9D4-A7CA-4632-A269-B1F9E24FCDCA}"
EndProject
Project("{FAE04EC0-301F-11D3-BF4B-00C04F79EFBC}") = "HyCAD.Tables.Tests", "src\HyCAD.Tables.Tests\HyCAD.Tables.Tests.csproj", "{DC6570BE-F627-4878-95BA-CC2A8E867B44}"
EndProject
Global
	GlobalSection(SolutionConfigurationPlatforms) = preSolution
		Debug|Any CPU = Debug|Any CPU
		Debug|x64 = Debug|x64
		Debug|x86 = Debug|x86
		Release|Any CPU = Release|Any CPU
		Release|x64 = Release|x64
		Release|x86 = Release|x86
	EndGlobalSection
	GlobalSection(ProjectConfigurationPlatforms) = postSolution
		{7E0D133E-AAA0-4869-A27D-589D293BE20D}.Debug|Any CPU.ActiveCfg = Debug|Any CPU
		{7E0D133E-AAA0-4869-A27D-589D293BE20D}.Debug|Any CPU.Build.0 = Debug|Any CPU
		{7E0D133E-AAA0-4869-A27D-589D293BE20D}.Debug|x64.ActiveCfg = Debug|Any CPU
		{7E0D133E-AAA0-4869-A27D-589D293BE20D}.Debug|x64.Build.0 = Debug|Any CPU
		{7E0D133E-AAA0-4869-A27D-589D293BE20D}.Debug|x86.ActiveCfg = Debug|Any CPU
		{7E0D133E-AAA0-4869-A27D-589D293BE20D}.Debug|x86.Build.0 = Debug|Any CPU
		{7E0D133E-AAA0-4869-A27D-589D293BE20D}.Release|Any CPU.ActiveCfg = Release|Any CPU
		{7E0D133E-AAA0-4869-A27D-589D293BE20D}.Release|Any CPU.Build.0 = Release|Any CPU
		{7E0D133E-AAA0-4869-A27D-589D293BE20D}.Release|x64.ActiveCfg = Release|Any CPU
		{7E0D133E-AAA0-4869-A27D-589D293BE20D}.Release|x64.Build.0 = Release|Any CPU
		{7E0D133E-AAA0-4869-A27D-589D293BE20D}.Release|x86.ActiveCfg = Release|Any CPU
		{7E0D133E-AAA0-4869-A27D-589D293BE20D}.Release|x86.Build.0 = Release|Any CPU
		{8A9F5C3E-2B4D-4F6E-9C8A-1D7E3F5B6C9A}.Debug|Any CPU.ActiveCfg = Debug|Any CPU
		{8A9F5C3E-2B4D-4F6E-9C8A-1D7E3F5B6C9A}.Debug|Any CPU.Build.0 = Debug|Any CPU
		{8A9F5C3E-2B4D-4F6E-9C8A-1D7E3F5B6C9A}.Debug|x64.ActiveCfg = Debug|Any CPU
		{8A9F5C3E-2B4D-4F6E-9C8A-1D7E3F5B6C9A}.Debug|x64.Build.0 = Debug|Any CPU
		{8A9F5C3E-2B4D-4F6E-9C8A-1D7E3F5B6C9A}.Debug|x86.ActiveCfg = Debug|Any CPU
		{8A9F5C3E-2B4D-4F6E-9C8A-1D7E3F5B6C9A}.Debug|x86.Build.0 = Debug|Any CPU
		{8A9F5C3E-2B4D-4F6E-9C8A-1D7E3F5B6C9A}.Release|Any CPU.ActiveCfg = Release|Any CPU
		{8A9F5C3E-2B4D-4F6E-9C8A-1D7E3F5B6C9A}.Release|Any CPU.Build.0 = Release|Any CPU
		{8A9F5C3E-2B4D-4F6E-9C8A-1D7E3F5B6C9A}.Release|x64.ActiveCfg = Release|Any CPU
		{8A9F5C3E-2B4D-4F6E-9C8A-1D7E3F5B6C9A}.Release|x64.Build.0 = Release|Any CPU
		{8A9F5C3E-2B4D-4F6E-9C8A-1D7E3F5B6C9A}.Release|x86.ActiveCfg = Release|Any CPU
		{8A9F5C3E-2B4D-4F6E-9C8A-1D7E3F5B6C9A}.Release|x86.Build.0 = Release|Any CPU
		{F8E2B9C4-1D5A-4E7B-9F3C-6A8D2E5B1C40}.Debug|Any CPU.ActiveCfg = Debug|Any CPU
		{F8E2B9C4-1D5A-4E7B-9F3C-6A8D2E5B1C40}.Debug|Any CPU.Build.0 = Debug|Any CPU
		{F8E2B9C4-1D5A-4E7B-9F3C-6A8D2E5B1C40}.Debug|x64.ActiveCfg = Debug|Any CPU
		{F8E2B9C4-1D5A-4E7B-9F3C-6A8D2E5B1C40}.Debug|x64.Build.0 = Debug|Any CPU
		{F8E2B9C4-1D5A-4E7B-9F3C-6A8D2E5B1C40}.Debug|x86.ActiveCfg = Debug|Any CPU
		{F8E2B9C4-1D5A-4E7B-9F3C-6A8D2E5B1C40}.Debug|x86.Build.0 = Debug|Any CPU
		{F8E2B9C4-1D5A-4E7B-9F3C-6A8D2E5B1C40}.Release|Any CPU.ActiveCfg = Release|Any CPU
		{F8E2B9C4-1D5A-4E7B-9F3C-6A8D2E5B1C40}.Release|Any CPU.Build.0 = Release|Any CPU
		{F8E2B9C4-1D5A-4E7B-9F3C-6A8D2E5B1C40}.Release|x64.ActiveCfg = Release|Any CPU
		{F8E2B9C4-1D5A-4E7B-9F3C-6A8D2E5B1C40}.Release|x64.Build.0 = Release|Any CPU
		{F8E2B9C4-1D5A-4E7B-9F3C-6A8D2E5B1C40}.Release|x86.ActiveCfg = Release|Any CPU
		{F8E2B9C4-1D5A-4E7B-9F3C-6A8D2E5B1C40}.Release|x86.Build.0 = Release|Any CPU
		{B2C7D4E5-F6A8-4B9C-8D1E-2F3A4B5C6D7E}.Debug|Any CPU.ActiveCfg = Debug|Any CPU
		{B2C7D4E5-F6A8-4B9C-8D1E-2F3A4B5C6D7E}.Debug|Any CPU.Build.0 = Debug|Any CPU
		{B2C7D4E5-F6A8-4B9C-8D1E-2F3A4B5C6D7E}.Debug|x64.ActiveCfg = Debug|Any CPU
		{B2C7D4E5-F6A8-4B9C-8D1E-2F3A4B5C6D7E}.Debug|x64.Build.0 = Debug|Any CPU
		{B2C7D4E5-F6A8-4B9C-8D1E-2F3A4B5C6D7E}.Debug|x86.ActiveCfg = Debug|Any CPU
		{B2C7D4E5-F6A8-4B9C-8D1E-2F3A4B5C6D7E}.Debug|x86.Build.0 = Debug|Any CPU
		{B2C7D4E5-F6A8-4B9C-8D1E-2F3A4B5C6D7E}.Release|Any CPU.ActiveCfg = Release|Any CPU
		{B2C7D4E5-F6A8-4B9C-8D1E-2F3A4B5C6D7E}.Release|Any CPU.Build.0 = Release|Any CPU
		{B2C7D4E5-F6A8-4B9C-8D1E-2F3A4B5C6D7E}.Release|x64.ActiveCfg = Release|Any CPU
		{B2C7D4E5-F6A8-4B9C-8D1E-2F3A4B5C6D7E}.Release|x64.Build.0 = Release|Any CPU
		{B2C7D4E5-F6A8-4B9C-8D1E-2F3A4B5C6D7E}.Release|x86.ActiveCfg = Release|Any CPU
		{B2C7D4E5-F6A8-4B9C-8D1E-2F3A4B5C6D7E}.Release|x86.Build.0 = Release|Any CPU
		{E4D8F2A1-6B3C-4D9E-8F7A-2C1B5E9D0A4F}.Debug|Any CPU.ActiveCfg = Debug|Any CPU
		{E4D8F2A1-6B3C-4D9E-8F7A-2C1B5E9D0A4F}.Debug|Any CPU.Build.0 = Debug|Any CPU
		{E4D8F2A1-6B3C-4D9E-8F7A-2C1B5E9D0A4F}.Debug|x64.ActiveCfg = Debug|Any CPU
		{E4D8F2A1-6B3C-4D9E-8F7A-2C1B5E9D0A4F}.Debug|x64.Build.0 = Debug|Any CPU
		{E4D8F2A1-6B3C-4D9E-8F7A-2C1B5E9D0A4F}.Debug|x86.ActiveCfg = Debug|Any CPU
		{E4D8F2A1-6B3C-4D9E-8F7A-2C1B5E9D0A4F}.Debug|x86.Build.0 = Debug|Any CPU
		{E4D8F2A1-6B3C-4D9E-8F7A-2C1B5E9D0A4F}.Release|Any CPU.ActiveCfg = Release|Any CPU
		{E4D8F2A1-6B3C-4D9E-8F7A-2C1B5E9D0A4F}.Release|Any CPU.Build.0 = Release|Any CPU
		{E4D8F2A1-6B3C-4D9E-8F7A-2C1B5E9D0A4F}.Release|x64.ActiveCfg = Release|Any CPU
		{E4D8F2A1-6B3C-4D9E-8F7A-2C1B5E9D0A4F}.Release|x64.Build.0 = Release|Any CPU
		{E4D8F2A1-6B3C-4D9E-8F7A-2C1B5E9D0A4F}.Release|x86.ActiveCfg = Release|Any CPU
		{E4D8F2A1-6B3C-4D9E-8F7A-2C1B5E9D0A4F}.Release|x86.Build.0 = Release|Any CPU
		{A1B2C3D4-E5F6-7890-ABCD-EF1234567890}.Debug|Any CPU.ActiveCfg = Debug|Any CPU
		{A1B2C3D4-E5F6-7890-ABCD-EF1234567890}.Debug|Any CPU.Build.0 = Debug|Any CPU
		{A1B2C3D4-E5F6-7890-ABCD-EF1234567890}.Debug|x64.ActiveCfg = Debug|x64
		{A1B2C3D4-E5F6-7890-ABCD-EF1234567890}.Debug|x64.Build.0 = Debug|x64
		{A1B2C3D4-E5F6-7890-ABCD-EF1234567890}.Debug|x86.ActiveCfg = Debug|Any CPU
		{A1B2C3D4-E5F6-7890-ABCD-EF1234567890}.Debug|x86.Build.0 = Debug|Any CPU
		{A1B2C3D4-E5F6-7890-ABCD-EF1234567890}.Release|Any CPU.ActiveCfg = Release|Any CPU
		{A1B2C3D4-E5F6-7890-ABCD-EF1234567890}.Release|Any CPU.Build.0 = Release|Any CPU
		{A1B2C3D4-E5F6-7890-ABCD-EF1234567890}.Release|x64.ActiveCfg = Release|x64
		{A1B2C3D4-E5F6-7890-ABCD-EF1234567890}.Release|x64.Build.0 = Release|x64
		{A1B2C3D4-E5F6-7890-ABCD-EF1234567890}.Release|x86.ActiveCfg = Release|Any CPU
		{A1B2C3D4-E5F6-7890-ABCD-EF1234567890}.Release|x86.Build.0 = Release|Any CPU
		{3FCA9908-BA84-44AA-B3CE-79E64DE0A46C}.Debug|Any CPU.ActiveCfg = Debug|Any CPU
		{3FCA9908-BA84-44AA-B3CE-79E64DE0A46C}.Debug|Any CPU.Build.0 = Debug|Any CPU
		{3FCA9908-BA84-44AA-B3CE-79E64DE0A46C}.Debug|x64.ActiveCfg = Debug|Any CPU
		{3FCA9908-BA84-44AA-B3CE-79E64DE0A46C}.Debug|x64.Build.0 = Debug|Any CPU
		{3FCA9908-BA84-44AA-B3CE-79E64DE0A46C}.Debug|x86.ActiveCfg = Debug|Any CPU
		{3FCA9908-BA84-44AA-B3CE-79E64DE0A46C}.Debug|x86.Build.0 = Debug|Any CPU
		{3FCA9908-BA84-44AA-B3CE-79E64DE0A46C}.Release|Any CPU.ActiveCfg = Release|Any CPU
		{3FCA9908-BA84-44AA-B3CE-79E64DE0A46C}.Release|Any CPU.Build.0 = Release|Any CPU
		{3FCA9908-BA84-44AA-B3CE-79E64DE0A46C}.Release|x64.ActiveCfg = Release|Any CPU
		{3FCA9908-BA84-44AA-B3CE-79E64DE0A46C}.Release|x64.Build.0 = Release|Any CPU
		{3FCA9908-BA84-44AA-B3CE-79E64DE0A46C}.Release|x86.ActiveCfg = Release|Any CPU
		{3FCA9908-BA84-44AA-B3CE-79E64DE0A46C}.Release|x86.Build.0 = Release|Any CPU
		{1AF60BBB-4E81-4847-9584-B39F7D41FD5E}.Debug|Any CPU.ActiveCfg = Debug|Any CPU
		{1AF60BBB-4E81-4847-9584-B39F7D41FD5E}.Debug|Any CPU.Build.0 = Debug|Any CPU
		{1AF60BBB-4E81-4847-9584-B39F7D41FD5E}.Debug|x64.ActiveCfg = Debug|Any CPU
		{1AF60BBB-4E81-4847-9584-B39F7D41FD5E}.Debug|x64.Build.0 = Debug|Any CPU
		{1AF60BBB-4E81-4847-9584-B39F7D41FD5E}.Debug|x86.ActiveCfg = Debug|Any CPU
		{1AF60BBB-4E81-4847-9584-B39F7D41FD5E}.Debug|x86.Build.0 = Debug|Any CPU
		{1AF60BBB-4E81-4847-9584-B39F7D41FD5E}.Release|Any CPU.ActiveCfg = Release|Any CPU
		{1AF60BBB-4E81-4847-9584-B39F7D41FD5E}.Release|Any CPU.Build.0 = Release|Any CPU
		{1AF60BBB-4E81-4847-9584-B39F7D41FD5E}.Release|x64.ActiveCfg = Release|Any CPU
		{1AF60BBB-4E81-4847-9584-B39F7D41FD5E}.Release|x64.Build.0 = Release|Any CPU
		{1AF60BBB-4E81-4847-9584-B39F7D41FD5E}.Release|x86.ActiveCfg = Release|Any CPU
		{1AF60BBB-4E81-4847-9584-B39F7D41FD5E}.Release|x86.Build.0 = Release|Any CPU
		{D4B7E1A2-5C3F-4A8E-9B62-7F1E2C3D4E5F}.Debug|Any CPU.ActiveCfg = Debug|Any CPU
		{D4B7E1A2-5C3F-4A8E-9B62-7F1E2C3D4E5F}.Debug|Any CPU.Build.0 = Debug|Any CPU
		{D4B7E1A2-5C3F-4A8E-9B62-7F1E2C3D4E5F}.Debug|x64.ActiveCfg = Debug|Any CPU
		{D4B7E1A2-5C3F-4A8E-9B62-7F1E2C3D4E5F}.Debug|x64.Build.0 = Debug|Any CPU
		{D4B7E1A2-5C3F-4A8E-9B62-7F1E2C3D4E5F}.Debug|x86.ActiveCfg = Debug|Any CPU
		{D4B7E1A2-5C3F-4A8E-9B62-7F1E2C3D4E5F}.Debug|x86.Build.0 = Debug|Any CPU
		{D4B7E1A2-5C3F-4A8E-9B62-7F1E2C3D4E5F}.Release|Any CPU.ActiveCfg = Release|Any CPU
		{D4B7E1A2-5C3F-4A8E-9B62-7F1E2C3D4E5F}.Release|Any CPU.Build.0 = Release|Any CPU
		{D4B7E1A2-5C3F-4A8E-9B62-7F1E2C3D4E5F}.Release|x64.ActiveCfg = Release|Any CPU
		{D4B7E1A2-5C3F-4A8E-9B62-7F1E2C3D4E5F}.Release|x64.Build.0 = Release|Any CPU
		{D4B7E1A2-5C3F-4A8E-9B62-7F1E2C3D4E5F}.Release|x86.ActiveCfg = Release|Any CPU
		{D4B7E1A2-5C3F-4A8E-9B62-7F1E2C3D4E5F}.Release|x86.Build.0 = Release|Any CPU
		{C99DD15C-BCAF-496C-9B9E-B8D1FA1F33C2}.Debug|Any CPU.ActiveCfg = Debug|Any CPU
		{C99DD15C-BCAF-496C-9B9E-B8D1FA1F33C2}.Debug|Any CPU.Build.0 = Debug|Any CPU
		{C99DD15C-BCAF-496C-9B9E-B8D1FA1F33C2}.Debug|x64.ActiveCfg = Debug|Any CPU
		{C99DD15C-BCAF-496C-9B9E-B8D1FA1F33C2}.Debug|x64.Build.0 = Debug|Any CPU
		{C99DD15C-BCAF-496C-9B9E-B8D1FA1F33C2}.Debug|x86.ActiveCfg = Debug|Any CPU
		{C99DD15C-BCAF-496C-9B9E-B8D1FA1F33C2}.Debug|x86.Build.0 = Debug|Any CPU
		{C99DD15C-BCAF-496C-9B9E-B8D1FA1F33C2}.Release|Any CPU.ActiveCfg = Release|Any CPU
		{C99DD15C-BCAF-496C-9B9E-B8D1FA1F33C2}.Release|Any CPU.Build.0 = Release|Any CPU
		{C99DD15C-BCAF-496C-9B9E-B8D1FA1F33C2}.Release|x64.ActiveCfg = Release|Any CPU
		{C99DD15C-BCAF-496C-9B9E-B8D1FA1F33C2}.Release|x64.Build.0 = Release|Any CPU
		{C99DD15C-BCAF-496C-9B9E-B8D1FA1F33C2}.Release|x86.ActiveCfg = Release|Any CPU
		{C99DD15C-BCAF-496C-9B9E-B8D1FA1F33C2}.Release|x86.Build.0 = Release|Any CPU
		{31EC8500-8A49-4928-A94D-D38DFD6B8F22}.Debug|Any CPU.ActiveCfg = Debug|Any CPU
		{31EC8500-8A49-4928-A94D-D38DFD6B8F22}.Debug|Any CPU.Build.0 = Debug|Any CPU
		{31EC8500-8A49-4928-A94D-D38DFD6B8F22}.Debug|x64.ActiveCfg = Debug|Any CPU
		{31EC8500-8A49-4928-A94D-D38DFD6B8F22}.Debug|x64.Build.0 = Debug|Any CPU
		{31EC8500-8A49-4928-A94D-D38DFD6B8F22}.Debug|x86.ActiveCfg = Debug|Any CPU
		{31EC8500-8A49-4928-A94D-D38DFD6B8F22}.Debug|x86.Build.0 = Debug|Any CPU
		{31EC8500-8A49-4928-A94D-D38DFD6B8F22}.Release|Any CPU.ActiveCfg = Release|Any CPU
		{31EC8500-8A49-4928-A94D-D38DFD6B8F22}.Release|Any CPU.Build.0 = Release|Any CPU
		{31EC8500-8A49-4928-A94D-D38DFD6B8F22}.Release|x64.ActiveCfg = Release|Any CPU
		{31EC8500-8A49-4928-A94D-D38DFD6B8F22}.Release|x64.Build.0 = Release|Any CPU
		{31EC8500-8A49-4928-A94D-D38DFD6B8F22}.Release|x86.ActiveCfg = Release|Any CPU
		{31EC8500-8A49-4928-A94D-D38DFD6B8F22}.Release|x86.Build.0 = Release|Any CPU
		{D7EDE4F4-DB7B-42ED-B905-0E7B70A5B43F}.Debug|Any CPU.ActiveCfg = Debug|Any CPU
		{D7EDE4F4-DB7B-42ED-B905-0E7B70A5B43F}.Debug|Any CPU.Build.0 = Debug|Any CPU
		{D7EDE4F4-DB7B-42ED-B905-0E7B70A5B43F}.Debug|x64.ActiveCfg = Debug|Any CPU
		{D7EDE4F4-DB7B-42ED-B905-0E7B70A5B43F}.Debug|x64.Build.0 = Debug|Any CPU
		{D7EDE4F4-DB7B-42ED-B905-0E7B70A5B43F}.Debug|x86.ActiveCfg = Debug|Any CPU
		{D7EDE4F4-DB7B-42ED-B905-0E7B70A5B43F}.Debug|x86.Build.0 = Debug|Any CPU
		{D7EDE4F4-DB7B-42ED-B905-0E7B70A5B43F}.Release|Any CPU.ActiveCfg = Release|Any CPU
		{D7EDE4F4-DB7B-42ED-B905-0E7B70A5B43F}.Release|Any CPU.Build.0 = Release|Any CPU
		{D7EDE4F4-DB7B-42ED-B905-0E7B70A5B43F}.Release|x64.ActiveCfg = Release|Any CPU
		{D7EDE4F4-DB7B-42ED-B905-0E7B70A5B43F}.Release|x64.Build.0 = Release|Any CPU
		{D7EDE4F4-DB7B-42ED-B905-0E7B70A5B43F}.Release|x86.ActiveCfg = Release|Any CPU
		{D7EDE4F4-DB7B-42ED-B905-0E7B70A5B43F}.Release|x86.Build.0 = Release|Any CPU
		{12139725-3AA2-46F8-8A63-C163382547FB}.Debug|Any CPU.ActiveCfg = Debug|Any CPU
		{12139725-3AA2-46F8-8A63-C163382547FB}.Debug|Any CPU.Build.0 = Debug|Any CPU
		{12139725-3AA2-46F8-8A63-C163382547FB}.Debug|x64.ActiveCfg = Debug|Any CPU
		{12139725-3AA2-46F8-8A63-C163382547FB}.Debug|x64.Build.0 = Debug|Any CPU
		{12139725-3AA2-46F8-8A63-C163382547FB}.Debug|x86.ActiveCfg = Debug|Any CPU
		{12139725-3AA2-46F8-8A63-C163382547FB}.Debug|x86.Build.0 = Debug|Any CPU
		{12139725-3AA2-46F8-8A63-C163382547FB}.Release|Any CPU.ActiveCfg = Release|Any CPU
		{12139725-3AA2-46F8-8A63-C163382547FB}.Release|Any CPU.Build.0 = Release|Any CPU
		{12139725-3AA2-46F8-8A63-C163382547FB}.Release|x64.ActiveCfg = Release|Any CPU
		{12139725-3AA2-46F8-8A63-C163382547FB}.Release|x64.Build.0 = Release|Any CPU
		{12139725-3AA2-46F8-8A63-C163382547FB}.Release|x86.ActiveCfg = Release|Any CPU
		{12139725-3AA2-46F8-8A63-C163382547FB}.Release|x86.Build.0 = Release|Any CPU
		{045BE910-C74A-4B15-A273-3038B5B124F7}.Debug|Any CPU.ActiveCfg = Debug|Any CPU
		{045BE910-C74A-4B15-A273-3038B5B124F7}.Debug|Any CPU.Build.0 = Debug|Any CPU
		{045BE910-C74A-4B15-A273-3038B5B124F7}.Debug|x64.ActiveCfg = Debug|Any CPU
		{045BE910-C74A-4B15-A273-3038B5B124F7}.Debug|x64.Build.0 = Debug|Any CPU
		{045BE910-C74A-4B15-A273-3038B5B124F7}.Debug|x86.ActiveCfg = Debug|Any CPU
		{045BE910-C74A-4B15-A273-3038B5B124F7}.Debug|x86.Build.0 = Debug|Any CPU
		{045BE910-C74A-4B15-A273-3038B5B124F7}.Release|Any CPU.ActiveCfg = Release|Any CPU
		{045BE910-C74A-4B15-A273-3038B5B124F7}.Release|Any CPU.Build.0 = Release|Any CPU
		{045BE910-C74A-4B15-A273-3038B5B124F7}.Release|x64.ActiveCfg = Release|Any CPU
		{045BE910-C74A-4B15-A273-3038B5B124F7}.Release|x64.Build.0 = Release|Any CPU
		{045BE910-C74A-4B15-A273-3038B5B124F7}.Release|x86.ActiveCfg = Release|Any CPU
		{045BE910-C74A-4B15-A273-3038B5B124F7}.Release|x86.Build.0 = Release|Any CPU
		{6B5A9E2A-56DF-4F4D-ABF1-04748A65A4AB}.Debug|Any CPU.ActiveCfg = Debug|Any CPU
		{6B5A9E2A-56DF-4F4D-ABF1-04748A65A4AB}.Debug|Any CPU.Build.0 = Debug|Any CPU
		{6B5A9E2A-56DF-4F4D-ABF1-04748A65A4AB}.Debug|x64.ActiveCfg = Debug|Any CPU
		{6B5A9E2A-56DF-4F4D-ABF1-04748A65A4AB}.Debug|x64.Build.0 = Debug|Any CPU
		{6B5A9E2A-56DF-4F4D-ABF1-04748A65A4AB}.Debug|x86.ActiveCfg = Debug|Any CPU
		{6B5A9E2A-56DF-4F4D-ABF1-04748A65A4AB}.Debug|x86.Build.0 = Debug|Any CPU
		{6B5A9E2A-56DF-4F4D-ABF1-04748A65A4AB}.Release|Any CPU.ActiveCfg = Release|Any CPU
		{6B5A9E2A-56DF-4F4D-ABF1-04748A65A4AB}.Release|Any CPU.Build.0 = Release|Any CPU
		{6B5A9E2A-56DF-4F4D-ABF1-04748A65A4AB}.Release|x64.ActiveCfg = Release|Any CPU
		{6B5A9E2A-56DF-4F4D-ABF1-04748A65A4AB}.Release|x64.Build.0 = Release|Any CPU
		{6B5A9E2A-56DF-4F4D-ABF1-04748A65A4AB}.Release|x86.ActiveCfg = Release|Any CPU
		{6B5A9E2A-56DF-4F4D-ABF1-04748A65A4AB}.Release|x86.Build.0 = Release|Any CPU
		{7AC70926-E620-4815-AD3E-DD3CBF9B1CD0}.Debug|Any CPU.ActiveCfg = Debug|Any CPU
		{7AC70926-E620-4815-AD3E-DD3CBF9B1CD0}.Debug|Any CPU.Build.0 = Debug|Any CPU
		{7AC70926-E620-4815-AD3E-DD3CBF9B1CD0}.Debug|x64.ActiveCfg = Debug|Any CPU
		{7AC70926-E620-4815-AD3E-DD3CBF9B1CD0}.Debug|x64.Build.0 = Debug|Any CPU
		{7AC70926-E620-4815-AD3E-DD3CBF9B1CD0}.Debug|x86.ActiveCfg = Debug|Any CPU
		{7AC70926-E620-4815-AD3E-DD3CBF9B1CD0}.Debug|x86.Build.0 = Debug|Any CPU
		{7AC70926-E620-4815-AD3E-DD3CBF9B1CD0}.Release|Any CPU.ActiveCfg = Release|Any CPU
		{7AC70926-E620-4815-AD3E-DD3CBF9B1CD0}.Release|Any CPU.Build.0 = Release|Any CPU
		{7AC70926-E620-4815-AD3E-DD3CBF9B1CD0}.Release|x64.ActiveCfg = Release|Any CPU
		{7AC70926-E620-4815-AD3E-DD3CBF9B1CD0}.Release|x64.Build.0 = Release|Any CPU
		{7AC70926-E620-4815-AD3E-DD3CBF9B1CD0}.Release|x86.ActiveCfg = Release|Any CPU
		{7AC70926-E620-4815-AD3E-DD3CBF9B1CD0}.Release|x86.Build.0 = Release|Any CPU
		{3ED2E9D4-A7CA-4632-A269-B1F9E24FCDCA}.Debug|Any CPU.ActiveCfg = Debug|Any CPU
		{3ED2E9D4-A7CA-4632-A269-B1F9E24FCDCA}.Debug|Any CPU.Build.0 = Debug|Any CPU
		{3ED2E9D4-A7CA-4632-A269-B1F9E24FCDCA}.Debug|x64.ActiveCfg = Debug|Any CPU
		{3ED2E9D4-A7CA-4632-A269-B1F9E24FCDCA}.Debug|x64.Build.0 = Debug|Any CPU
		{3ED2E9D4-A7CA-4632-A269-B1F9E24FCDCA}.Debug|x86.ActiveCfg = Debug|Any CPU
		{3ED2E9D4-A7CA-4632-A269-B1F9E24FCDCA}.Debug|x86.Build.0 = Debug|Any CPU
		{3ED2E9D4-A7CA-4632-A269-B1F9E24FCDCA}.Release|Any CPU.ActiveCfg = Release|Any CPU
		{3ED2E9D4-A7CA-4632-A269-B1F9E24FCDCA}.Release|Any CPU.Build.0 = Release|Any CPU
		{3ED2E9D4-A7CA-4632-A269-B1F9E24FCDCA}.Release|x64.ActiveCfg = Release|Any CPU
		{3ED2E9D4-A7CA-4632-A269-B1F9E24FCDCA}.Release|x64.Build.0 = Release|Any CPU
		{3ED2E9D4-A7CA-4632-A269-B1F9E24FCDCA}.Release|x86.ActiveCfg = Release|Any CPU
		{3ED2E9D4-A7CA-4632-A269-B1F9E24FCDCA}.Release|x86.Build.0 = Release|Any CPU
		{DC6570BE-F627-4878-95BA-CC2A8E867B44}.Debug|Any CPU.ActiveCfg = Debug|Any CPU
		{DC6570BE-F627-4878-95BA-CC2A8E867B44}.Debug|Any CPU.Build.0 = Debug|Any CPU
		{DC6570BE-F627-4878-95BA-CC2A8E867B44}.Debug|x64.ActiveCfg = Debug|Any CPU
		{DC6570BE-F627-4878-95BA-CC2A8E867B44}.Debug|x64.Build.0 = Debug|Any CPU
		{DC6570BE-F627-4878-95BA-CC2A8E867B44}.Debug|x86.ActiveCfg = Debug|Any CPU
		{DC6570BE-F627-4878-95BA-CC2A8E867B44}.Debug|x86.Build.0 = Debug|Any CPU
		{DC6570BE-F627-4878-95BA-CC2A8E867B44}.Release|Any CPU.ActiveCfg = Release|Any CPU
		{DC6570BE-F627-4878-95BA-CC2A8E867B44}.Release|Any CPU.Build.0 = Release|Any CPU
		{DC6570BE-F627-4878-95BA-CC2A8E867B44}.Release|x64.ActiveCfg = Release|Any CPU
		{DC6570BE-F627-4878-95BA-CC2A8E867B44}.Release|x64.Build.0 = Release|Any CPU
		{DC6570BE-F627-4878-95BA-CC2A8E867B44}.Release|x86.ActiveCfg = Release|Any CPU
		{DC6570BE-F627-4878-95BA-CC2A8E867B44}.Release|x86.Build.0 = Release|Any CPU
	EndGlobalSection
	GlobalSection(SolutionProperties) = preSolution
		HideSolutionNode = FALSE
	EndGlobalSection
	GlobalSection(NestedProjects) = preSolution
		{A61D70BF-95BC-4E1C-A259-88FEBFF5D557} = {827E0CD3-B72D-47B6-A68D-7590B98EB39B}
		{045BE910-C74A-4B15-A273-3038B5B124F7} = {A61D70BF-95BC-4E1C-A259-88FEBFF5D557}
		{6B5A9E2A-56DF-4F4D-ABF1-04748A65A4AB} = {A61D70BF-95BC-4E1C-A259-88FEBFF5D557}
		{7AC70926-E620-4815-AD3E-DD3CBF9B1CD0} = {A61D70BF-95BC-4E1C-A259-88FEBFF5D557}
		{3ED2E9D4-A7CA-4632-A269-B1F9E24FCDCA} = {827E0CD3-B72D-47B6-A68D-7590B98EB39B}
		{DC6570BE-F627-4878-95BA-CC2A8E867B44} = {827E0CD3-B72D-47B6-A68D-7590B98EB39B}
	EndGlobalSection
	GlobalSection(ExtensibilityGlobals) = postSolution
		SolutionGuid = {2E8A1C23-7D53-4BDF-8EF6-0C825C7BF530}
	EndGlobalSection
EndGlobal
