
Microsoft Visual Studio Solution File, Format Version 12.00
# Visual Studio Version 17
VisualStudioVersion = 17.9.34902.65
MinimumVisualStudioVersion = 10.0.40219.1
Project("{FAE04EC0-301F-11D3-BF4B-00C04F79EFBC}") = "HyCADTool", "HyCADtool\HyCADTool.csproj", "{76EDAE9E-175E-4A23-94C4-B171F85C8F76}"
EndProject
Project("{FAE04EC0-301F-11D3-BF4B-00C04F79EFBC}") = "ReCall", "ReCall\ReCall.csproj", "{7E0D133E-AAA0-4869-A27D-589D293BE20D}"
EndProject
Project("{FAE04EC0-301F-11D3-BF4B-00C04F79EFBC}") = "01FolderGenerator", "FolderGenerator\01FolderGenerator.csproj", "{04BBF58F-BC2F-49EF-8596-B1F358E89590}"
EndProject
Project("{FAE04EC0-301F-11D3-BF4B-00C04F79EFBC}") = "HyRetainingWallSolver", "HyRetainingWallSolver\HyRetainingWallSolver.csproj", "{3ECD7743-6678-4952-AFD4-25EFBD73CB8F}"
EndProject
Global
	GlobalSection(SolutionConfigurationPlatforms) = preSolution
		Debug|Any CPU = Debug|Any CPU
		Debug|x64 = Debug|x64
		Release|Any CPU = Release|Any CPU
		Release|x64 = Release|x64
	EndGlobalSection
	GlobalSection(ProjectConfigurationPlatforms) = postSolution
		{76EDAE9E-175E-4A23-94C4-B171F85C8F76}.Debug|Any CPU.ActiveCfg = Debug|Any CPU
		{76EDAE9E-175E-4A23-94C4-B171F85C8F76}.Debug|Any CPU.Build.0 = Debug|Any CPU
		{76EDAE9E-175E-4A23-94C4-B171F85C8F76}.Debug|x64.ActiveCfg = Debug|Any CPU
		{76EDAE9E-175E-4A23-94C4-B171F85C8F76}.Debug|x64.Build.0 = Debug|Any CPU
		{76EDAE9E-175E-4A23-94C4-B171F85C8F76}.Release|Any CPU.ActiveCfg = Release|Any CPU
		{76EDAE9E-175E-4A23-94C4-B171F85C8F76}.Release|Any CPU.Build.0 = Release|Any CPU
		{76EDAE9E-175E-4A23-94C4-B171F85C8F76}.Release|x64.ActiveCfg = Release|Any CPU
		{76EDAE9E-175E-4A23-94C4-B171F85C8F76}.Release|x64.Build.0 = Release|Any CPU
		{7E0D133E-AAA0-4869-A27D-589D293BE20D}.Debug|Any CPU.ActiveCfg = Debug|Any CPU
		{7E0D133E-AAA0-4869-A27D-589D293BE20D}.Debug|Any CPU.Build.0 = Debug|Any CPU
		{7E0D133E-AAA0-4869-A27D-589D293BE20D}.Debug|x64.ActiveCfg = Debug|Any CPU
		{7E0D133E-AAA0-4869-A27D-589D293BE20D}.Debug|x64.Build.0 = Debug|Any CPU
		{7E0D133E-AAA0-4869-A27D-589D293BE20D}.Release|Any CPU.ActiveCfg = Release|Any CPU
		{7E0D133E-AAA0-4869-A27D-589D293BE20D}.Release|Any CPU.Build.0 = Release|Any CPU
		{7E0D133E-AAA0-4869-A27D-589D293BE20D}.Release|x64.ActiveCfg = Release|Any CPU
		{7E0D133E-AAA0-4869-A27D-589D293BE20D}.Release|x64.Build.0 = Release|Any CPU
		{04BBF58F-BC2F-49EF-8596-B1F358E89590}.Debug|Any CPU.ActiveCfg = Debug|Any CPU
		{04BBF58F-BC2F-49EF-8596-B1F358E89590}.Debug|Any CPU.Build.0 = Debug|Any CPU
		{04BBF58F-BC2F-49EF-8596-B1F358E89590}.Debug|x64.ActiveCfg = Debug|Any CPU
		{04BBF58F-BC2F-49EF-8596-B1F358E89590}.Debug|x64.Build.0 = Debug|Any CPU
		{04BBF58F-BC2F-49EF-8596-B1F358E89590}.Release|Any CPU.ActiveCfg = Release|Any CPU
		{04BBF58F-BC2F-49EF-8596-B1F358E89590}.Release|Any CPU.Build.0 = Release|Any CPU
		{04BBF58F-BC2F-49EF-8596-B1F358E89590}.Release|x64.ActiveCfg = Release|Any CPU
		{04BBF58F-BC2F-49EF-8596-B1F358E89590}.Release|x64.Build.0 = Release|Any CPU
		{3ECD7743-6678-4952-AFD4-25EFBD73CB8F}.Debug|Any CPU.ActiveCfg = Debug|Any CPU
		{3ECD7743-6678-4952-AFD4-25EFBD73CB8F}.Debug|Any CPU.Build.0 = Debug|Any CPU
		{3ECD7743-6678-4952-AFD4-25EFBD73CB8F}.Debug|x64.ActiveCfg = Debug|Any CPU
		{3ECD7743-6678-4952-AFD4-25EFBD73CB8F}.Debug|x64.Build.0 = Debug|Any CPU
		{3ECD7743-6678-4952-AFD4-25EFBD73CB8F}.Release|Any CPU.ActiveCfg = Release|Any CPU
		{3ECD7743-6678-4952-AFD4-25EFBD73CB8F}.Release|Any CPU.Build.0 = Release|Any CPU
		{3ECD7743-6678-4952-AFD4-25EFBD73CB8F}.Release|x64.ActiveCfg = Release|Any CPU
		{3ECD7743-6678-4952-AFD4-25EFBD73CB8F}.Release|x64.Build.0 = Release|Any CPU
	EndGlobalSection
	GlobalSection(SolutionProperties) = preSolution
		HideSolutionNode = FALSE
	EndGlobalSection
	GlobalSection(ExtensibilityGlobals) = postSolution
		SolutionGuid = {2E8A1C23-7D53-4BDF-8EF6-0C825C7BF530}
	EndGlobalSection
EndGlobal
